
Microsoft Visual Studio Solution File, Format Version 12.00
# Visual Studio Version 16
VisualStudioVersion = 25.0.1700.6
MinimumVisualStudioVersion = 10.0.40219.1
Project("{FAE04EC0-301F-11D3-BF4B-00C04F79EFBC}") = "LCP-Pulse-Test", "LCP-Pulse-Test\LCP-Pulse-Test.csproj", "{5DFDA346-C8E4-4185-B426-956A69F9BE50}"
EndProject
Project("{FAE04EC0-301F-11D3-BF4B-00C04F79EFBC}") = "Entities", "Entities\Entities.csproj", "{C061226D-535A-412F-AECF-9264E99EEAB9}"
EndProject
Project("{FAE04EC0-301F-11D3-BF4B-00C04F79EFBC}") = "Contracts", "Contracts\Contracts.csproj", "{F5204134-589B-4162-A533-4D93F77C779B}"
EndProject
Project("{FAE04EC0-301F-11D3-BF4B-00C04F79EFBC}") = "Repository", "Repository\Repository.csproj", "{48BB6739-FE21-4674-848B-8862B2A9F732}"
EndProject
Global
	GlobalSection(SolutionConfigurationPlatforms) = preSolution
		Debug|Any CPU = Debug|Any CPU
		Release|Any CPU = Release|Any CPU
	EndGlobalSection
	GlobalSection(ProjectConfigurationPlatforms) = postSolution
		{5DFDA346-C8E4-4185-B426-956A69F9BE50}.Debug|Any CPU.ActiveCfg = Debug|Any CPU
		{5DFDA346-C8E4-4185-B426-956A69F9BE50}.Debug|Any CPU.Build.0 = Debug|Any CPU
		{5DFDA346-C8E4-4185-B426-956A69F9BE50}.Release|Any CPU.ActiveCfg = Release|Any CPU
		{5DFDA346-C8E4-4185-B426-956A69F9BE50}.Release|Any CPU.Build.0 = Release|Any CPU
		{C061226D-535A-412F-AECF-9264E99EEAB9}.Debug|Any CPU.ActiveCfg = Debug|Any CPU
		{C061226D-535A-412F-AECF-9264E99EEAB9}.Debug|Any CPU.Build.0 = Debug|Any CPU
		{C061226D-535A-412F-AECF-9264E99EEAB9}.Release|Any CPU.ActiveCfg = Release|Any CPU
		{C061226D-535A-412F-AECF-9264E99EEAB9}.Release|Any CPU.Build.0 = Release|Any CPU
		{F5204134-589B-4162-A533-4D93F77C779B}.Debug|Any CPU.ActiveCfg = Debug|Any CPU
		{F5204134-589B-4162-A533-4D93F77C779B}.Debug|Any CPU.Build.0 = Debug|Any CPU
		{F5204134-589B-4162-A533-4D93F77C779B}.Release|Any CPU.ActiveCfg = Release|Any CPU
		{F5204134-589B-4162-A533-4D93F77C779B}.Release|Any CPU.Build.0 = Release|Any CPU
		{48BB6739-FE21-4674-848B-8862B2A9F732}.Debug|Any CPU.ActiveCfg = Debug|Any CPU
		{48BB6739-FE21-4674-848B-8862B2A9F732}.Debug|Any CPU.Build.0 = Debug|Any CPU
		{48BB6739-FE21-4674-848B-8862B2A9F732}.Release|Any CPU.ActiveCfg = Release|Any CPU
		{48BB6739-FE21-4674-848B-8862B2A9F732}.Release|Any CPU.Build.0 = Release|Any CPU
	EndGlobalSection
	GlobalSection(SolutionProperties) = preSolution
		HideSolutionNode = FALSE
	EndGlobalSection
	GlobalSection(ExtensibilityGlobals) = postSolution
		SolutionGuid = {66ECD354-8557-40D6-80E1-7660F7DBF070}
	EndGlobalSection
EndGlobal
